
Microsoft Visual Studio Solution File, Format Version 12.00
# Visual Studio Version 16
VisualStudioVersion = 16.0.29424.173
MinimumVisualStudioVersion = 10.0.40219.1
Project("{FAE04EC0-301F-11D3-BF4B-00C04F79EFBC}") = "ExampleLoginRegisterApp.Android", "ExampleLoginRegisterApp\ExampleLoginRegisterApp.Android\ExampleLoginRegisterApp.Android.csproj", "{02E18B50-9BBD-4EDB-8EEF-5A18B23B16CF}"
EndProject
Project("{FAE04EC0-301F-11D3-BF4B-00C04F79EFBC}") = "ExampleLoginRegisterApp.iOS", "ExampleLoginRegisterApp\ExampleLoginRegisterApp.iOS\ExampleLoginRegisterApp.iOS.csproj", "{D390360C-9CFE-4E8A-ACD9-D042329D2599}"
EndProject
Project("{FAE04EC0-301F-11D3-BF4B-00C04F79EFBC}") = "ExampleLoginRegisterApp", "ExampleLoginRegisterApp\ExampleLoginRegisterApp\ExampleLoginRegisterApp.csproj", "{651FC52C-82BB-4132-B930-0EA20E4EF7A8}"
EndProject
Global
	GlobalSection(SolutionConfigurationPlatforms) = preSolution
		Debug|Any CPU = Debug|Any CPU
		Debug|iPhone = Debug|iPhone
		Debug|iPhoneSimulator = Debug|iPhoneSimulator
		Release|Any CPU = Release|Any CPU
		Release|iPhone = Release|iPhone
		Release|iPhoneSimulator = Release|iPhoneSimulator
	EndGlobalSection
	GlobalSection(ProjectConfigurationPlatforms) = postSolution
		{02E18B50-9BBD-4EDB-8EEF-5A18B23B16CF}.Debug|Any CPU.ActiveCfg = Debug|Any CPU
		{02E18B50-9BBD-4EDB-8EEF-5A18B23B16CF}.Debug|Any CPU.Build.0 = Debug|Any CPU
		{02E18B50-9BBD-4EDB-8EEF-5A18B23B16CF}.Debug|Any CPU.Deploy.0 = Debug|Any CPU
		{02E18B50-9BBD-4EDB-8EEF-5A18B23B16CF}.Debug|iPhone.ActiveCfg = Debug|Any CPU
		{02E18B50-9BBD-4EDB-8EEF-5A18B23B16CF}.Debug|iPhone.Build.0 = Debug|Any CPU
		{02E18B50-9BBD-4EDB-8EEF-5A18B23B16CF}.Debug|iPhone.Deploy.0 = Debug|Any CPU
		{02E18B50-9BBD-4EDB-8EEF-5A18B23B16CF}.Debug|iPhoneSimulator.ActiveCfg = Debug|Any CPU
		{02E18B50-9BBD-4EDB-8EEF-5A18B23B16CF}.Debug|iPhoneSimulator.Build.0 = Debug|Any CPU
		{02E18B50-9BBD-4EDB-8EEF-5A18B23B16CF}.Debug|iPhoneSimulator.Deploy.0 = Debug|Any CPU
		{02E18B50-9BBD-4EDB-8EEF-5A18B23B16CF}.Release|Any CPU.ActiveCfg = Release|Any CPU
		{02E18B50-9BBD-4EDB-8EEF-5A18B23B16CF}.Release|Any CPU.Build.0 = Release|Any CPU
		{02E18B50-9BBD-4EDB-8EEF-5A18B23B16CF}.Release|Any CPU.Deploy.0 = Release|Any CPU
		{02E18B50-9BBD-4EDB-8EEF-5A18B23B16CF}.Release|iPhone.ActiveCfg = Release|Any CPU
		{02E18B50-9BBD-4EDB-8EEF-5A18B23B16CF}.Release|iPhone.Build.0 = Release|Any CPU
		{02E18B50-9BBD-4EDB-8EEF-5A18B23B16CF}.Release|iPhone.Deploy.0 = Release|Any CPU
		{02E18B50-9BBD-4EDB-8EEF-5A18B23B16CF}.Release|iPhoneSimulator.ActiveCfg = Release|Any CPU
		{02E18B50-9BBD-4EDB-8EEF-5A18B23B16CF}.Release|iPhoneSimulator.Build.0 = Release|Any CPU
		{02E18B50-9BBD-4EDB-8EEF-5A18B23B16CF}.Release|iPhoneSimulator.Deploy.0 = Release|Any CPU
		{D390360C-9CFE-4E8A-ACD9-D042329D2599}.Debug|Any CPU.ActiveCfg = Debug|iPhoneSimulator
		{D390360C-9CFE-4E8A-ACD9-D042329D2599}.Debug|Any CPU.Build.0 = Debug|iPhoneSimulator
		{D390360C-9CFE-4E8A-ACD9-D042329D2599}.Debug|Any CPU.Deploy.0 = Debug|iPhoneSimulator
		{D390360C-9CFE-4E8A-ACD9-D042329D2599}.Debug|iPhone.ActiveCfg = Debug|iPhone
		{D390360C-9CFE-4E8A-ACD9-D042329D2599}.Debug|iPhone.Build.0 = Debug|iPhone
		{D390360C-9CFE-4E8A-ACD9-D042329D2599}.Debug|iPhone.Deploy.0 = Debug|iPhone
		{D390360C-9CFE-4E8A-ACD9-D042329D2599}.Debug|iPhoneSimulator.ActiveCfg = Debug|iPhoneSimulator
		{D390360C-9CFE-4E8A-ACD9-D042329D2599}.Debug|iPhoneSimulator.Build.0 = Debug|iPhoneSimulator
		{D390360C-9CFE-4E8A-ACD9-D042329D2599}.Debug|iPhoneSimulator.Deploy.0 = Debug|iPhoneSimulator
		{D390360C-9CFE-4E8A-ACD9-D042329D2599}.Release|Any CPU.ActiveCfg = Release|iPhone
		{D390360C-9CFE-4E8A-ACD9-D042329D2599}.Release|Any CPU.Build.0 = Release|iPhone
		{D390360C-9CFE-4E8A-ACD9-D042329D2599}.Release|Any CPU.Deploy.0 = Release|iPhone
		{D390360C-9CFE-4E8A-ACD9-D042329D2599}.Release|iPhone.ActiveCfg = Release|iPhone
		{D390360C-9CFE-4E8A-ACD9-D042329D2599}.Release|iPhone.Build.0 = Release|iPhone
		{D390360C-9CFE-4E8A-ACD9-D042329D2599}.Release|iPhone.Deploy.0 = Release|iPhone
		{D390360C-9CFE-4E8A-ACD9-D042329D2599}.Release|iPhoneSimulator.ActiveCfg = Release|iPhoneSimulator
		{D390360C-9CFE-4E8A-ACD9-D042329D2599}.Release|iPhoneSimulator.Build.0 = Release|iPhoneSimulator
		{D390360C-9CFE-4E8A-ACD9-D042329D2599}.Release|iPhoneSimulator.Deploy.0 = Release|iPhoneSimulator
		{651FC52C-82BB-4132-B930-0EA20E4EF7A8}.Debug|Any CPU.ActiveCfg = Debug|Any CPU
		{651FC52C-82BB-4132-B930-0EA20E4EF7A8}.Debug|Any CPU.Build.0 = Debug|Any CPU
		{651FC52C-82BB-4132-B930-0EA20E4EF7A8}.Debug|Any CPU.Deploy.0 = Debug|Any CPU
		{651FC52C-82BB-4132-B930-0EA20E4EF7A8}.Debug|iPhone.ActiveCfg = Debug|Any CPU
		{651FC52C-82BB-4132-B930-0EA20E4EF7A8}.Debug|iPhone.Build.0 = Debug|Any CPU
		{651FC52C-82BB-4132-B930-0EA20E4EF7A8}.Debug|iPhone.Deploy.0 = Debug|Any CPU
		{651FC52C-82BB-4132-B930-0EA20E4EF7A8}.Debug|iPhoneSimulator.ActiveCfg = Debug|Any CPU
		{651FC52C-82BB-4132-B930-0EA20E4EF7A8}.Debug|iPhoneSimulator.Build.0 = Debug|Any CPU
		{651FC52C-82BB-4132-B930-0EA20E4EF7A8}.Debug|iPhoneSimulator.Deploy.0 = Debug|Any CPU
		{651FC52C-82BB-4132-B930-0EA20E4EF7A8}.Release|Any CPU.ActiveCfg = Release|Any CPU
		{651FC52C-82BB-4132-B930-0EA20E4EF7A8}.Release|Any CPU.Build.0 = Release|Any CPU
		{651FC52C-82BB-4132-B930-0EA20E4EF7A8}.Release|Any CPU.Deploy.0 = Release|Any CPU
		{651FC52C-82BB-4132-B930-0EA20E4EF7A8}.Release|iPhone.ActiveCfg = Release|Any CPU
		{651FC52C-82BB-4132-B930-0EA20E4EF7A8}.Release|iPhone.Build.0 = Release|Any CPU
		{651FC52C-82BB-4132-B930-0EA20E4EF7A8}.Release|iPhone.Deploy.0 = Release|Any CPU
		{651FC52C-82BB-4132-B930-0EA20E4EF7A8}.Release|iPhoneSimulator.ActiveCfg = Release|Any CPU
		{651FC52C-82BB-4132-B930-0EA20E4EF7A8}.Release|iPhoneSimulator.Build.0 = Release|Any CPU
		{651FC52C-82BB-4132-B930-0EA20E4EF7A8}.Release|iPhoneSimulator.Deploy.0 = Release|Any CPU
	EndGlobalSection
	GlobalSection(SolutionProperties) = preSolution
		HideSolutionNode = FALSE
	EndGlobalSection
	GlobalSection(ExtensibilityGlobals) = postSolution
		SolutionGuid = {7EFE5297-34C3-47C9-B379-54367E5D80C6}
	EndGlobalSection
EndGlobal
